
Microsoft Visual Studio Solution File, Format Version 12.00
Project("{FAE04EC0-301F-11D3-BF4B-00C04F79EFBC}") = "AiRTIST", "AiRTIST\AiRTIST.csproj", "{11466E7E-D3E7-47DA-9B7E-A81ABAA83423}"
EndProject
Global
	GlobalSection(SolutionConfigurationPlatforms) = preSolution
		Debug|Any CPU = Debug|Any CPU
		Release|Any CPU = Release|Any CPU
	EndGlobalSection
	GlobalSection(ProjectConfigurationPlatforms) = postSolution
		{11466E7E-D3E7-47DA-9B7E-A81ABAA83423}.Debug|Any CPU.ActiveCfg = Debug|Any CPU
		{11466E7E-D3E7-47DA-9B7E-A81ABAA83423}.Debug|Any CPU.Build.0 = Debug|Any CPU
		{11466E7E-D3E7-47DA-9B7E-A81ABAA83423}.Release|Any CPU.ActiveCfg = Release|Any CPU
		{11466E7E-D3E7-47DA-9B7E-A81ABAA83423}.Release|Any CPU.Build.0 = Release|Any CPU
	EndGlobalSection
EndGlobal
